{
  "requires": true,
  "lockfileVersion": 1,
  "dependencies": {
    "@types/async": {
      "version": "2.0.47",
      "resolved": "https://registry.npmjs.org/@types/async/-/async-2.0.47.tgz",
      "integrity": "sha512-/mQMARXVSuGbwOFFBKA4s0qRKtOaaTgnllp3qU4sMzDVGGAroPblyd529yBALnK/WEY8nHyRGx0/RFUDmhpVmQ=="
    },
    "@types/graphql": {
      "version": "0.12.6",
      "resolved": "https://registry.npmjs.org/@types/graphql/-/graphql-0.12.6.tgz",
      "integrity": "sha512-wXAVyLfkG1UMkKOdMijVWFky39+OD/41KftzqfX1Oejd0Gm6dOIKjCihSVECg6X7PHjftxXmfOKA/d1H79ZfvQ=="
    },
    "@types/zen-observable": {
      "version": "0.5.3",
      "resolved": "https://registry.npmjs.org/@types/zen-observable/-/zen-observable-0.5.3.tgz",
      "integrity": "sha512-aDvGDAHcVfUqNmd8q4//cHAP+HGxsbChbBbuk3+kMVk5TTxfWLpQWvVN3+UPjohLnwMYN7jr6BWNn2cYNqdm7g=="
    },
    "apollo-cache": {
      "version": "1.1.7",
      "resolved": "https://registry.npmjs.org/apollo-cache/-/apollo-cache-1.1.7.tgz",
      "integrity": "sha512-EZncr0DlIhGkNVvkXB2kJL5FNk3Ntpwo1Dbk3l5Vtuek6MTBm/pTwDnK+nVDnZIsmxbQ7A2oPe+Pp8SbcjhAbQ==",
      "requires": {
        "apollo-utilities": "1.0.11"
      }
    },
    "apollo-client": {
      "version": "2.2.8",
      "resolved": "https://registry.npmjs.org/apollo-client/-/apollo-client-2.2.8.tgz",
      "integrity": "sha512-Xc2IQYdYjX4CNv25L7tQwd+BBHySEN/ZkVa0TE2XYq5F74UIPGcrV3zHajB6NVZMlMdItsOX/TcOWeUwLIUqlQ==",
      "requires": {
        "@types/async": "2.0.47",
        "@types/zen-observable": "0.5.3",
        "apollo-cache": "1.1.7",
        "apollo-link": "1.2.2",
        "apollo-link-dedup": "1.0.9",
        "apollo-utilities": "1.0.11",
        "symbol-observable": "1.2.0",
        "zen-observable": "0.7.1"
      }
    },
    "apollo-link": {
      "version": "1.2.2",
      "resolved": "https://registry.npmjs.org/apollo-link/-/apollo-link-1.2.2.tgz",
      "integrity": "sha512-Uk/BC09dm61DZRDSu52nGq0nFhq7mcBPTjy5EEH1eunJndtCaNXQhQz/BjkI2NdrfGI+B+i5he6YSoRBhYizdw==",
      "requires": {
        "@types/graphql": "0.12.6",
        "apollo-utilities": "1.0.11",
        "zen-observable-ts": "0.8.9"
      }
    },
    "apollo-link-dedup": {
      "version": "1.0.9",
      "resolved": "https://registry.npmjs.org/apollo-link-dedup/-/apollo-link-dedup-1.0.9.tgz",
      "integrity": "sha512-RbuEKpmSHVMtoREMPh2wUFTeh65q+0XPVeqgaOP/rGEAfvLyOMvX0vT2nVaejMohoMxuUnfZwpldXaDFWnlVbg==",
      "requires": {
        "apollo-link": "1.2.2"
      }
    },
    "apollo-utilities": {
      "version": "1.0.11",
      "resolved": "https://registry.npmjs.org/apollo-utilities/-/apollo-utilities-1.0.11.tgz",
      "integrity": "sha512-SAjRTqcYVHwpct+bcwX3x3zGEQOkNzj3Ri7Iy+vFIozxS8xtdkQqPiML7S6EI9Q2IuimQ7gvuYFHY0HQK0O1AA=="
    },
    "colors": {
      "version": "1.2.1",
      "resolved": "https://registry.npmjs.org/colors/-/colors-1.2.1.tgz",
      "integrity": "sha512-s8+wktIuDSLffCywiwSxQOMqtPxML11a/dtHE17tMn4B1MSWw/C22EKf7M2KGUBcDaVFEGT+S8N02geDXeuNKg=="
    },
    "fbkt-clog": {
      "version": "1.0.5",
      "resolved": "https://registry.npmjs.org/fbkt-clog/-/fbkt-clog-1.0.5.tgz",
      "integrity": "sha1-VYnFh8gUyiIAO8LJ5vVz2BdmjFg=",
      "requires": {
        "colors": "1.2.1",
        "ramda": "0.23.0"
      }
    },
    "node-fetch": {
      "version": "2.1.2",
      "resolved": "https://registry.npmjs.org/node-fetch/-/node-fetch-2.1.2.tgz",
      "integrity": "sha1-q4hOjn5X44qUR1POxwb3iNF2i7U="
    },
    "ramda": {
      "version": "0.23.0",
      "resolved": "https://registry.npmjs.org/ramda/-/ramda-0.23.0.tgz",
      "integrity": "sha1-zNE//3NJepOXTj6GMnv9h71ujis="
    },
    "symbol-observable": {
      "version": "1.2.0",
      "resolved": "https://registry.npmjs.org/symbol-observable/-/symbol-observable-1.2.0.tgz",
      "integrity": "sha512-e900nM8RRtGhlV36KGEU9k65K3mPb1WV70OdjfxlG2EAuM1noi/E/BaW/uMhL7bPEssK8QV57vN3esixjUvcXQ=="
    },
    "zen-observable": {
      "version": "0.7.1",
      "resolved": "https://registry.npmjs.org/zen-observable/-/zen-observable-0.7.1.tgz",
      "integrity": "sha512-OI6VMSe0yeqaouIXtedC+F55Sr6r9ppS7+wTbSexkYdHbdt4ctTuPNXP/rwm7GTVI63YBc+EBT0b0tl7YnJLRg=="
    },
    "zen-observable-ts": {
      "version": "0.8.9",
      "resolved": "https://registry.npmjs.org/zen-observable-ts/-/zen-observable-ts-0.8.9.tgz",
      "integrity": "sha512-KJz2O8FxbAdAU5CSc8qZ1K2WYEJb1HxS6XDRF+hOJ1rOYcg6eTMmS9xYHCXzqZZzKw6BbXWyF4UpwSsBQnHJeA==",
      "requires": {
        "zen-observable": "0.8.8"
      },
      "dependencies": {
        "zen-observable": {
          "version": "0.8.8",
          "resolved": "https://registry.npmjs.org/zen-observable/-/zen-observable-0.8.8.tgz",
          "integrity": "sha512-HnhhyNnwTFzS48nihkCZIJGsWGFcYUz+XPDlPK5W84Ifji8SksC6m7sQWOf8zdCGhzQ4tDYuMYGu5B0N1dXTtg=="
        }
      }
    }
  }
}
